
Microsoft Visual Studio Solution File, Format Version 12.00
# Visual Studio Version 17
VisualStudioVersion = 17.5.002.0
MinimumVisualStudioVersion = 10.0.40219.1
Project("{9A19103F-16F7-4668-BE54-9A1E7A4F7556}") = "Flapybird", "Flapybird\Flapybird.csproj", "{61BBDC1A-C428-4389-B0CD-E839DB84A16C}"
EndProject
Global
	GlobalSection(SolutionConfigurationPlatforms) = preSolution
		Debug|Any CPU = Debug|Any CPU
		Release|Any CPU = Release|Any CPU
	EndGlobalSection
	GlobalSection(ProjectConfigurationPlatforms) = postSolution
		{61BBDC1A-C428-4389-B0CD-E839DB84A16C}.Debug|Any CPU.ActiveCfg = Debug|Any CPU
		{61BBDC1A-C428-4389-B0CD-E839DB84A16C}.Debug|Any CPU.Build.0 = Debug|Any CPU
		{61BBDC1A-C428-4389-B0CD-E839DB84A16C}.Release|Any CPU.ActiveCfg = Release|Any CPU
		{61BBDC1A-C428-4389-B0CD-E839DB84A16C}.Release|Any CPU.Build.0 = Release|Any CPU
	EndGlobalSection
	GlobalSection(SolutionProperties) = preSolution
		HideSolutionNode = FALSE
	EndGlobalSection
	GlobalSection(ExtensibilityGlobals) = postSolution
		SolutionGuid = {1BEC538B-FDB8-4CFF-9FAC-4466D64A778D}
	EndGlobalSection
EndGlobal
